{
  "com.fasterxml:oss-parent:11": {
    "oss-parent-11.pom": {
      "url": "https://repo.maven.apache.org/maven2/com/fasterxml/oss-parent/11/oss-parent-11.pom",
      "hash": "sha256-khdk1YWKMyplS8DVShiIVqS6g+bysOgjv+RqyMxXOm0="
    }
  },
  "com.fasterxml:oss-parent:10": {
    "oss-parent-10.pom": {
      "url": "https://repo.maven.apache.org/maven2/com/fasterxml/oss-parent/10/oss-parent-10.pom",
      "hash": "sha256-H15Swj8lCY4IQD1jZJg39gtwcOJZpGXaMfChFbJf2Zg="
    }
  },
  "com.fasterxml.jackson.core:jackson-annotations:2.2.3": {
    "jackson-annotations-2.2.3.jar": {
      "url": "https://repo.maven.apache.org/maven2/com/fasterxml/jackson/core/jackson-annotations/2.2.3/jackson-annotations-2.2.3.jar",
      "hash": "sha256-EGyRiPHH/Hd1ThaWcgQemn2yx4RLGtHV0igHYR4TmeE="
    },
    "jackson-annotations-2.2.3.pom": {
      "url": "https://repo.maven.apache.org/maven2/com/fasterxml/jackson/core/jackson-annotations/2.2.3/jackson-annotations-2.2.3.pom",
      "hash": "sha256-gl4CMDslHcYUUHwDXw9PaZSNi+CqKqcRDOmi4OxpJWI="
    }
  },
  "com.fasterxml.jackson.core:jackson-core:2.2.3": {
    "jackson-core-2.2.3.jar": {
      "url": "https://repo.maven.apache.org/maven2/com/fasterxml/jackson/core/jackson-core/2.2.3/jackson-core-2.2.3.jar",
      "hash": "sha256-p0+pbhygDEfBhbKnjtk1qeiy6OuyaR73FJQZDcQzK1o="
    },
    "jackson-core-2.2.3.pom": {
      "url": "https://repo.maven.apache.org/maven2/com/fasterxml/jackson/core/jackson-core/2.2.3/jackson-core-2.2.3.pom",
      "hash": "sha256-6Yd2jmX7r4GZlgJrjIvZTHmu2NIEdaWJjUH/FIimlf8="
    }
  },
  "com.fasterxml.jackson.core:jackson-databind:2.2.3": {
    "jackson-databind-2.2.3.jar": {
      "url": "https://repo.maven.apache.org/maven2/com/fasterxml/jackson/core/jackson-databind/2.2.3/jackson-databind-2.2.3.jar",
      "hash": "sha256-0O7xBUTkyB3gqtF8wqYnVDigTuZRwFf9BUlzaiHyPWg="
    },
    "jackson-databind-2.2.3.pom": {
      "url": "https://repo.maven.apache.org/maven2/com/fasterxml/jackson/core/jackson-databind/2.2.3/jackson-databind-2.2.3.pom",
      "hash": "sha256-rg9fotav2gz7v8YSiu/bL1OteDW9XEMaR6mad2NETok="
    }
  },
  "org.apiguardian:apiguardian-api:1.1.2": {
    "apiguardian-api-1.1.2.jar": {
      "url": "https://repo.maven.apache.org/maven2/org/apiguardian/apiguardian-api/1.1.2/apiguardian-api-1.1.2.jar",
      "hash": "sha256-tQlEisUG1gcxnxglN/CzXXEAdYLsdBgyofER5bW3Czg="
    },
    "apiguardian-api-1.1.2.module": {
      "url": "https://repo.maven.apache.org/maven2/org/apiguardian/apiguardian-api/1.1.2/apiguardian-api-1.1.2.module",
      "hash": "sha256-4IAoExN1s1fR0oc06aT7QhbahLJAZByz7358fWKCI/w="
    },
    "apiguardian-api-1.1.2.pom": {
      "url": "https://repo.maven.apache.org/maven2/org/apiguardian/apiguardian-api/1.1.2/apiguardian-api-1.1.2.pom",
      "hash": "sha256-MjVQgdEJCVw9XTdNWkO09MG3XVSemD71ByPidy5TAqA="
    }
  },
  "org.junit:junit-bom:5.9.3": {
    "junit-bom-5.9.3.module": {
      "url": "https://repo.maven.apache.org/maven2/org/junit/junit-bom/5.9.3/junit-bom-5.9.3.module",
      "hash": "sha256-tAH9JZAeWCpSSqU0PEs54ovFbiSWHBBpvytLv87ka5M="
    },
    "junit-bom-5.9.3.pom": {
      "url": "https://repo.maven.apache.org/maven2/org/junit/junit-bom/5.9.3/junit-bom-5.9.3.pom",
      "hash": "sha256-TQMpzZ5y8kIOXKFXJMv+b/puX9KIg2FRYnEZD9w0Ltc="
    }
  },
  "org.junit.jupiter:junit-jupiter:5.9.3": {
    "junit-jupiter-5.9.3.jar": {
      "url": "https://repo.maven.apache.org/maven2/org/junit/jupiter/junit-jupiter/5.9.3/junit-jupiter-5.9.3.jar",
      "hash": "sha256-Zy4XmLfVM3i/QIy2NPyFbP78F9dB5V8m1ohjg4Y+IYo="
    },
    "junit-jupiter-5.9.3.module": {
      "url": "https://repo.maven.apache.org/maven2/org/junit/jupiter/junit-jupiter/5.9.3/junit-jupiter-5.9.3.module",
      "hash": "sha256-47OpptteCNYQyavEEZLZnHYnLI14aznLAzoMdj4c0LI="
    },
    "junit-jupiter-5.9.3.pom": {
      "url": "https://repo.maven.apache.org/maven2/org/junit/jupiter/junit-jupiter/5.9.3/junit-jupiter-5.9.3.pom",
      "hash": "sha256-bdfZQHsxg7FraQMI8RpEibPzmfInBXtwBEekcDEQOpo="
    }
  },
  "org.junit.jupiter:junit-jupiter-api:5.9.3": {
    "junit-jupiter-api-5.9.3.jar": {
      "url": "https://repo.maven.apache.org/maven2/org/junit/jupiter/junit-jupiter-api/5.9.3/junit-jupiter-api-5.9.3.jar",
      "hash": "sha256-2JXj7t9PobEN4xqRvlWjAbswe/GO8yWz+l2z+A7pLRw="
    },
    "junit-jupiter-api-5.9.3.module": {
      "url": "https://repo.maven.apache.org/maven2/org/junit/jupiter/junit-jupiter-api/5.9.3/junit-jupiter-api-5.9.3.module",
      "hash": "sha256-ba7jABTiBFWh7MbW0LOsYERECtE+9CA5jikZCYDpuHo="
    },
    "junit-jupiter-api-5.9.3.pom": {
      "url": "https://repo.maven.apache.org/maven2/org/junit/jupiter/junit-jupiter-api/5.9.3/junit-jupiter-api-5.9.3.pom",
      "hash": "sha256-f3KVZWK+1JEdMhf5DeCw0kDdklb4V99aJLvrAVS0FBs="
    }
  },
  "org.junit.jupiter:junit-jupiter-engine:5.9.3": {
    "junit-jupiter-engine-5.9.3.jar": {
      "url": "https://repo.maven.apache.org/maven2/org/junit/jupiter/junit-jupiter-engine/5.9.3/junit-jupiter-engine-5.9.3.jar",
      "hash": "sha256-tV4wSxzS6PEWwat3pdw+yoxNm0amnghLY6ylHN61Xw8="
    },
    "junit-jupiter-engine-5.9.3.module": {
      "url": "https://repo.maven.apache.org/maven2/org/junit/jupiter/junit-jupiter-engine/5.9.3/junit-jupiter-engine-5.9.3.module",
      "hash": "sha256-lY9TIPRbNNCmZ24W/1ScsBDhQm3KUs/bEFh2vM9Pdog="
    },
    "junit-jupiter-engine-5.9.3.pom": {
      "url": "https://repo.maven.apache.org/maven2/org/junit/jupiter/junit-jupiter-engine/5.9.3/junit-jupiter-engine-5.9.3.pom",
      "hash": "sha256-D1/XZ2n95tJHMI+Dbf8TTItS9lpC5UuNCtoEFvMKc3o="
    }
  },
  "org.junit.jupiter:junit-jupiter-params:5.9.3": {
    "junit-jupiter-params-5.9.3.jar": {
      "url": "https://repo.maven.apache.org/maven2/org/junit/jupiter/junit-jupiter-params/5.9.3/junit-jupiter-params-5.9.3.jar",
      "hash": "sha256-KvKC/pHlZJXAO4TpyucC6qIS/C9qMf2deeMcy2TNgf0="
    },
    "junit-jupiter-params-5.9.3.module": {
      "url": "https://repo.maven.apache.org/maven2/org/junit/jupiter/junit-jupiter-params/5.9.3/junit-jupiter-params-5.9.3.module",
      "hash": "sha256-PDb9BY560Xk2w2qHkaXvks06slUbsVsYngURPhaA848="
    },
    "junit-jupiter-params-5.9.3.pom": {
      "url": "https://repo.maven.apache.org/maven2/org/junit/jupiter/junit-jupiter-params/5.9.3/junit-jupiter-params-5.9.3.pom",
      "hash": "sha256-HAzCQ766eIZChiVLRVKqvNUXrMMiAAJjaRxBUl/HtfY="
    }
  },
  "org.junit.platform:junit-platform-commons:1.9.3": {
    "junit-platform-commons-1.9.3.jar": {
      "url": "https://repo.maven.apache.org/maven2/org/junit/platform/junit-platform-commons/1.9.3/junit-platform-commons-1.9.3.jar",
      "hash": "sha256-hRkVffgTwhDoX8FBS3QQnj2F9D1wklY+1wTEPEjw1eY="
    },
    "junit-platform-commons-1.9.3.module": {
      "url": "https://repo.maven.apache.org/maven2/org/junit/platform/junit-platform-commons/1.9.3/junit-platform-commons-1.9.3.module",
      "hash": "sha256-eWpB8nJB+2dgjwGazPTBw2cVe3MjinavhvbeuuNZnrQ="
    },
    "junit-platform-commons-1.9.3.pom": {
      "url": "https://repo.maven.apache.org/maven2/org/junit/platform/junit-platform-commons/1.9.3/junit-platform-commons-1.9.3.pom",
      "hash": "sha256-4Xof3keC8vwjtC3sp1wLBWbVwphQ0DBr5lxdpzuAIXg="
    }
  },
  "org.junit.platform:junit-platform-engine:1.9.3": {
    "junit-platform-engine-1.9.3.jar": {
      "url": "https://repo.maven.apache.org/maven2/org/junit/platform/junit-platform-engine/1.9.3/junit-platform-engine-1.9.3.jar",
      "hash": "sha256-DDlVPZoDUQdXIn9aHGzGUwKHsaMh7WJYRQZkh0qioWo="
    },
    "junit-platform-engine-1.9.3.module": {
      "url": "https://repo.maven.apache.org/maven2/org/junit/platform/junit-platform-engine/1.9.3/junit-platform-engine-1.9.3.module",
      "hash": "sha256-nQVThnLcRrITlxJjbv3B8Xg9Q5qhwktp0Ckrgci36o8="
    },
    "junit-platform-engine-1.9.3.pom": {
      "url": "https://repo.maven.apache.org/maven2/org/junit/platform/junit-platform-engine/1.9.3/junit-platform-engine-1.9.3.pom",
      "hash": "sha256-HFq3/OvjpgEYOXm6r78vQOVUOIKnyiPp+etxkZWnR9U="
    }
  },
  "org.junit.platform:junit-platform-launcher:1.9.3": {
    "junit-platform-launcher-1.9.3.jar": {
      "url": "https://repo.maven.apache.org/maven2/org/junit/platform/junit-platform-launcher/1.9.3/junit-platform-launcher-1.9.3.jar",
      "hash": "sha256-hRXpGAignIya9eNZGFtZkbXna4rc8YW5o9q07I5bqP8="
    },
    "junit-platform-launcher-1.9.3.module": {
      "url": "https://repo.maven.apache.org/maven2/org/junit/platform/junit-platform-launcher/1.9.3/junit-platform-launcher-1.9.3.module",
      "hash": "sha256-RbWyPx6RsuZm2Z8Mk1V7bdL2ffBiftKaZpKws4hfGa0="
    },
    "junit-platform-launcher-1.9.3.pom": {
      "url": "https://repo.maven.apache.org/maven2/org/junit/platform/junit-platform-launcher/1.9.3/junit-platform-launcher-1.9.3.pom",
      "hash": "sha256-C3zLRCXoIJoDNc+D1jzDZyv42REMaWbv55d9EWZkjyc="
    }
  },
  "org.opentest4j:opentest4j:1.2.0": {
    "opentest4j-1.2.0.jar": {
      "url": "https://repo.maven.apache.org/maven2/org/opentest4j/opentest4j/1.2.0/opentest4j-1.2.0.jar",
      "hash": "sha256-WIEt5giY2Xb7ge87YtoFxmBMGP1KJJ9QRCgkefwoavI="
    },
    "opentest4j-1.2.0.pom": {
      "url": "https://repo.maven.apache.org/maven2/org/opentest4j/opentest4j/1.2.0/opentest4j-1.2.0.pom",
      "hash": "sha256-qW5nGBbB/4gDvex0ySQfAlvfsnfaXStO4CJmQFk2+ZQ="
    }
  },
  "org.projectlombok:lombok:1.18.34": {
    "lombok-1.18.34.jar": {
      "url": "https://repo.maven.apache.org/maven2/org/projectlombok/lombok/1.18.34/lombok-1.18.34.jar",
      "hash": "sha256-wn1rKv9WJB0bB/y8xrGDcJ5rQyyA9zdO6x2CPobUuBo="
    },
    "lombok-1.18.34.pom": {
      "url": "https://repo.maven.apache.org/maven2/org/projectlombok/lombok/1.18.34/lombok-1.18.34.pom",
      "hash": "sha256-4ZCf4nLP/In/KJsTIeibZB/vc5ghZhu2k6b5ZqF+2eU="
    }
  }
}